
Microsoft Visual Studio Solution File, Format Version 12.00
# Visual Studio Version 16
VisualStudioVersion = 16.0.29409.12
MinimumVisualStudioVersion = 10.0.40219.1
Project("{FAE04EC0-301F-11D3-BF4B-00C04F79EFBC}") = "AoC2017_1", "AoC2017_1\AoC2017_1.csproj", "{BAD1FC5F-D713-4C12-A98C-5725D4B8D506}"
EndProject
Project("{FAE04EC0-301F-11D3-BF4B-00C04F79EFBC}") = "AoC2017_2", "AoC2017_2\AoC2017_2.csproj", "{96A83EC8-FE36-428E-B4D5-FACDABAA1223}"
EndProject
Global
	GlobalSection(SolutionConfigurationPlatforms) = preSolution
		Debug|Any CPU = Debug|Any CPU
		Release|Any CPU = Release|Any CPU
	EndGlobalSection
	GlobalSection(ProjectConfigurationPlatforms) = postSolution
		{BAD1FC5F-D713-4C12-A98C-5725D4B8D506}.Debug|Any CPU.ActiveCfg = Debug|Any CPU
		{BAD1FC5F-D713-4C12-A98C-5725D4B8D506}.Debug|Any CPU.Build.0 = Debug|Any CPU
		{BAD1FC5F-D713-4C12-A98C-5725D4B8D506}.Release|Any CPU.ActiveCfg = Release|Any CPU
		{BAD1FC5F-D713-4C12-A98C-5725D4B8D506}.Release|Any CPU.Build.0 = Release|Any CPU
		{96A83EC8-FE36-428E-B4D5-FACDABAA1223}.Debug|Any CPU.ActiveCfg = Debug|Any CPU
		{96A83EC8-FE36-428E-B4D5-FACDABAA1223}.Debug|Any CPU.Build.0 = Debug|Any CPU
		{96A83EC8-FE36-428E-B4D5-FACDABAA1223}.Release|Any CPU.ActiveCfg = Release|Any CPU
		{96A83EC8-FE36-428E-B4D5-FACDABAA1223}.Release|Any CPU.Build.0 = Release|Any CPU
	EndGlobalSection
	GlobalSection(SolutionProperties) = preSolution
		HideSolutionNode = FALSE
	EndGlobalSection
	GlobalSection(ExtensibilityGlobals) = postSolution
		SolutionGuid = {C16084FB-176C-4D82-9909-95662DB9A384}
	EndGlobalSection
EndGlobal
